
Microsoft Visual Studio Solution File, Format Version 12.00
Project("{F2A71F9B-5D33-465A-A702-920D77279786}") = "DockerSwitch.RestApi", "DockerSwitch.RestApi\DockerSwitch.RestApi.fsproj", "{1ECAD93F-979D-4830-961A-3AD9A1546B26}"
EndProject
Project("{FAE04EC0-301F-11D3-BF4B-00C04F79EFBC}") = "DockerSwitch.KafkaClient", "DockerSwitch.KafkaClient\DockerSwitch.KafkaClient.csproj", "{B0BD797D-048A-46F9-97A2-8229F8DC8F9A}"
EndProject
Global
	GlobalSection(SolutionConfigurationPlatforms) = preSolution
		Debug|Any CPU = Debug|Any CPU
		Release|Any CPU = Release|Any CPU
	EndGlobalSection
	GlobalSection(ProjectConfigurationPlatforms) = postSolution
		{1ECAD93F-979D-4830-961A-3AD9A1546B26}.Debug|Any CPU.ActiveCfg = Debug|Any CPU
		{1ECAD93F-979D-4830-961A-3AD9A1546B26}.Debug|Any CPU.Build.0 = Debug|Any CPU
		{1ECAD93F-979D-4830-961A-3AD9A1546B26}.Release|Any CPU.ActiveCfg = Release|Any CPU
		{1ECAD93F-979D-4830-961A-3AD9A1546B26}.Release|Any CPU.Build.0 = Release|Any CPU
		{B0BD797D-048A-46F9-97A2-8229F8DC8F9A}.Debug|Any CPU.ActiveCfg = Debug|Any CPU
		{B0BD797D-048A-46F9-97A2-8229F8DC8F9A}.Debug|Any CPU.Build.0 = Debug|Any CPU
		{B0BD797D-048A-46F9-97A2-8229F8DC8F9A}.Release|Any CPU.ActiveCfg = Release|Any CPU
		{B0BD797D-048A-46F9-97A2-8229F8DC8F9A}.Release|Any CPU.Build.0 = Release|Any CPU
	EndGlobalSection
EndGlobal
